{
    "symfony/flex": {
        "version": "1.0",
        "recipe": {
            "repo": "github.com/symfony/recipes",
            "branch": "master",
            "version": "1.0",
            "ref": "cc1afd81841db36fbef982fe56b48ade6716fac4"
        }
    },
    "symfony/phpunit-bridge": {
        "version": "3.3",
        "recipe": {
            "repo": "github.com/symfony/recipes",
            "branch": "master",
            "version": "3.3",
            "ref": "179470cb6492db92dffee208cfdb436f175c93b4"
        }
    }
}
